name: Clock
image: /local/custom_ui/floorplan/clock.svg
stylesheet: /local/custom_ui/floorplan/clock.css
hide_app_toolbar:
date_format: MMM-DD-YYYY
fully_kiosk:
# warnings:
# debug:

# Example of chaining for multiple replaces.
# '${entity.state ? entity.state.replace("not_home", "away").replace("Miguel_Work", "At Work") : "undefined"}'

# devices:

  # - name: Bedroom Alarm Panel
    # address: B4:7C:9C:9E:85:90
    # entities:
      # - binary_sensor.bedroom_motion
      # - binary_sensor.bedroom_plugged
      # - media_player.bedroom_alarm_panel

  # - name: Entry Alarm Panel
    # address: 00:FC:8B:4A:D5:CF
    # entities:
      # - binary_sensor.entry_motion
      # - binary_sensor.entry_plugged
      # - media_player.entry_alarm_panel

entities:
  - name: input_booleans
    entities:
      - input_boolean.guest_mode

    states:
      - state: 'on'
        class: 'button-on'
      - state: 'off'
        class: 'button-off'
    action:
      domain: homeassistant
      service: toggle

groups:
  - name: thermostats_temp
    entities:
      - climate.downstairs
      - climate.upstairs
    text_template: '${entity.attributes.current_temperature ? Math.ceil(entity.attributes.current_temperature) + "°": "undefined"}'
    class_template: 'return "static-temp";'

  - name: temp_darksky
    entities:
      - sensor.dark_sky_temperature
    text_template: '${entity.state ? Math.ceil(entity.state) + "°": "undefined"}'
    class_template: 'return "static-temp";'

  - name: temp_round
    entities:
      - sensor.downstairs_thermostat_humidity
      - sensor.upstairs_thermostat_humidity
      - sensor.dark_sky_humidity
    text_template: '${entity.state ? Math.ceil(entity.state) : "undefined"}'
    class_template: 'return "static-temp";'

  - name: text_states
    entities:
      - sensor.last_message
    text_template: '${entity.state ? entity.state.replace(/\s{3,}/g,"") : "undefined"}'
    class_template: 'return "static-text";'

  - name: text_font_date
    entities:
      - sensor.floorplan_date
    text_template: '${entity.state ? entity.state : "undefined"}'
    class_template: 'return "static-text-date";'

  - name: text_font_time
    entities:
      - sensor.floorplan_time
    text_template: '${entity.state ? entity.state : "undefined"}'
    class_template: 'return "static-text-time";'

  - name: Presence
    entities:
      - binary_sensor.sleepnumber_carlo_carlo_is_in_bed
      - binary_sensor.sleepnumber_carlo_stacey_is_in_bed
    states:
      - state: 'on'
        class: 'presence-on'
      - state: 'off'
        class: 'presence-off'

  - name: Dark Sky Sensors
    entities:
      - entity: sensor.dark_sky_minutely_summary
        element: sensor.dark_sky_minutely_summary_icon

    image_template: '
      var imageName = "";

      switch (entity.attributes.entity_picture) {
        case "/static/images/darksky/weather-sunny.svg":
          imageName = "day";
          break;

        case "/static/images/darksky/weather-night.svg":
          imageName = "night";
          break;

        case "/static/images/darksky/weather-partlycloudy.svg":
          imageName = "cloudy-day-1";
          break;

        case "/static/images/darksky/weather-cloudy.svg":
          imageName = "cloudy-night-1";
          break;

        case "/static/images/darksky/weather-cloudy.svg":
          imageName = "cloudy";
          break;

        case "/static/images/darksky/weather-pouring.svg":
          imageName = "rainy-1";
          break;

        case "/static/images/darksky/weather-snowy.svg":
          imageName = "snowy-1";
          break;
      }

      return "/local/custom_ui/floorplan/images/weather/" + imageName + ".svg";
      '

  - name: Camera Images
    entities:
      - camera.stone_door
      - camera.wu_doppler_weather
    camera_image_template: '${entity.attributes.entity_picture}'
