name: Clock
image: /local/custom_ui/floorplan/clock.svg
stylesheet: /local/custom_ui/floorplan/clock.css
date_format: MMM-DD-YYYY
#warnings:
#debug:

# Example of chaining for multiple replaces.
# '${entity.state ? entity.state.replace("not_home", "away").replace("Miguel_Work", "At Work") : "undefined"}'

fully_kiosk:

  - name: Bedroom Clock
    address: 00:FC:8B:4A:D5:CF
    motion_sensor: binary_sensor.bedroom_clock_motion
    plugged_sensor: binary_sensor.bedroom_clock_plugged
    media_player: media_player.bedroom_clock

entities:
  - name: input_booleans
    entities:
      - input_boolean.school_mode

    states:
      - state: 'on'
        class: 'button-on'
      - state: 'off'
        class: 'button-off'
    action:
      domain: homeassistant
      service: toggle

groups:
  - name: thermostats_temp
    entities:
      - climate.downstairs
      - climate.upstairs
    text_template: '${entity.attributes.current_temperature ? Math.ceil(entity.attributes.current_temperature) + "°": "undefined"}'
    class_template: 'return "static-temp";'

  - name: temp_darksky
    entities:
      - sensor.dark_sky_temperature
    text_template: '${entity.state ? Math.ceil(entity.state) + "°": "undefined"}'
    class_template: 'return "static-temp";'

  # - name: temp_round
  #   entities:
  #     - sensor.downstairs_thermostat_humidity
  #     - sensor.upstairs_thermostat_humidity
  #     - sensor.dark_sky_humidity
  #   text_template: '${entity.state ? Math.ceil(entity.state) : "undefined"}'
  #   class_template: 'return "static-temp";'

  - name: text_states
    entities:
      - sensor.dark_sky_minutely_summary
    text_template: '${entity.state ? entity.state : "undefined"}'
    class_template: 'return "static-text";'

  - name: text_font_date
    entities:
      - sensor.clock_date
      - sensor.clock_day
    text_template: '${entity.state ? entity.state : "undefined"}'
    class_template: 'return "static-text-date";'

  - name: text_font_time
    entities:
      - sensor.clock_time
    text_template: '${entity.state ? entity.state : "undefined"}'
    class_template: 'return "static-text-time";'

  - name: text_font_am_pm
    entities:
      - sensor.clock_am_pm
    text_template: '${entity.state ? entity.state : "undefined"}'
    class_template: 'return "static-text-am_pm";'


  # - name: Presence
  #   entities:
  #     - binary_sensor.sleepnumber_carlo_carlo_is_in_bed
  #     - binary_sensor.sleepnumber_carlo_stacey_is_in_bed
  #   states:
  #     - state: 'on'
  #       class: 'presence-on'
  #     - state: 'off'
  #       class: 'presence-off'

  - name: Dark Sky Sensors
    entities:
      - entity: sensor.dark_sky_minutely_summary
        element: sensor.dark_sky_minutely_summary_icon

    image_template: '
      var imageName = "";

      switch (entity.attributes.entity_picture) {
        case "/static/images/darksky/weather-sunny.svg":
          imageName = "sunny-1";
          break;

        case "/static/images/darksky/weather-night.svg":
          imageName = "night-1";
          break;

        case "/static/images/darksky/weather-partlycloudy.svg":
          imageName = "partlycloudy-day-1";
          break;

        case "/static/images/darksky/weather-cloudy.svg":
          imageName = "partlycloudy-night-1";
          break;

        case "/static/images/darksky/weather-cloudy.svg":
          imageName = "cloudy-day-1";
          break;

        case "/static/images/darksky/weather-pouring.svg":
          imageName = "thunder";
          break;

        case "/static/images/darksky/weather-snowy.svg":
          imageName = "snowy-day-1";
          break;
      }

      return "/local/custom_ui/floorplan/images/weather/" + imageName + ".svg";
      '

  - name: Camera Images
    entities:
      - camera.stone_door
      - camera.wu_doppler_weather
    camera_image_template: '${entity.attributes.entity_picture}'
