## This is the main Floorplan configuration page.  To define the pages.
## This one is called Floorclock since this is for my Clock application.

date_format: MMM-DD-YYYY
log_level: error

fully_kiosk:

  - name: Bedroom Clock
    address: 00:FC:8B:4A:D5:CF
    motion_sensor: binary_sensor.bedroom_clock_motion
    plugged_sensor: binary_sensor.bedroom_clock_plugged
    media_player: media_player.bedroom_clock

pages:
  -  /local/custom_ui/floorplan/clock.yaml
