#-------------------------------------------
#  Fire Tablet Alarm Panel -
#  http://www.vmwareinfo.com/2017/07/visualizing-smart-home-using-home.html
#-------------------------------------------
#
homeassistant:
  customize_glob:
    "sensor.*_alarm_panel*":
      emulated_hue_hidden: True
      hidden: False
    "input_boolean.clock_snooze":
      emulated_hue_hidden: False
      hidden: False

media_player:
  - platform: floorplan_speaker
    name: Alarm Clock

#Add to the media_player group.

input_boolean:
  clock_snooze:
    name: Clock Snooze
    initial: off

#---Sensors for Fire Tablet-----------------------------

binary_sensor:
  - platform: mqtt
    state_topic: floorplan/clock_motion
    name: Clock Motion
    device_class: motion
    retain: true
    emulated_hue_hidden: True
    hidden: False

  - platform: mqtt
    state_topic: floorplan/clock_plugged
    name: Clock Plugged
    retain: true
    emulated_hue_hidden: True
    hidden: False

automation:
  - alias: 'Snooze Button off in 10 minutes'
    trigger:
      - platform: state
        entity_id:
          - input_boolean.clock_snooze
        to: 'on'
        from: 'off'
    action:
      - delay:
          minutes: 10
      - service: input_boolean.turn_off
        entity_id: input_boolean.clock_snooze


#-----Turn on the Music--------------------------------------
  - alias: 'Play Americas Country on ChromeCast Audio'

    trigger:
      - platform: state
        entity_id:
          - input_boolean.clock_snooze
        to: 'on'
        from: 'off'

    action:
      - service: media_player.play_media
        data_template:
          entity_id:
            - media_player.alarm_clock
          #media_content_id: "http://listen.181fm.com/181-kickincountry_128k.mp3"
          media_content_id: "http://listen.djcmedia.com:80/americascountryhigh"
          media_content_type: audio/mp4

#-----Turn off the Music--------------------------------------
  - alias: 'Turn off the Radio'

    trigger:
      - platform: state
        entity_id:
          - input_boolean.clock_snooze
        to: 'off'
        from: 'on'

    action:
      - service: media_player.media_stop
        entity_id: media_player.alarm_clock
